
Microsoft Visual Studio Solution File, Format Version 12.00
# Visual Studio Version 17
VisualStudioVersion = 17.8.34525.116
MinimumVisualStudioVersion = 10.0.40219.1
Project("{FAE04EC0-301F-11D3-BF4B-00C04F79EFBC}") = "ConsoleAppDiária", "ConsoleAppDiária\ConsoleAppDiária.csproj", "{9271B8E3-B54E-4808-93F4-7FBB20883311}"
EndProject
Global
	GlobalSection(SolutionConfigurationPlatforms) = preSolution
		Debug|Any CPU = Debug|Any CPU
		Release|Any CPU = Release|Any CPU
	EndGlobalSection
	GlobalSection(ProjectConfigurationPlatforms) = postSolution
		{9271B8E3-B54E-4808-93F4-7FBB20883311}.Debug|Any CPU.ActiveCfg = Debug|Any CPU
		{9271B8E3-B54E-4808-93F4-7FBB20883311}.Debug|Any CPU.Build.0 = Debug|Any CPU
		{9271B8E3-B54E-4808-93F4-7FBB20883311}.Release|Any CPU.ActiveCfg = Release|Any CPU
		{9271B8E3-B54E-4808-93F4-7FBB20883311}.Release|Any CPU.Build.0 = Release|Any CPU
	EndGlobalSection
	GlobalSection(SolutionProperties) = preSolution
		HideSolutionNode = FALSE
	EndGlobalSection
	GlobalSection(ExtensibilityGlobals) = postSolution
		SolutionGuid = {BFB37EC0-D35F-4907-8438-58C40A46C62B}
	EndGlobalSection
EndGlobal
